
Microsoft Visual Studio Solution File, Format Version 12.00
# Visual Studio 15
VisualStudioVersion = 15.0.27703.2018
MinimumVisualStudioVersion = 10.0.40219.1
Project("{2150E333-8FDC-42A3-9474-1A3956D46DE8}") = "TenDaysOfStatistics", "TenDaysOfStatistics", "{09DAC742-4BE4-4358-9F1A-F30E883A5CE3}"
EndProject
Project("{2150E333-8FDC-42A3-9474-1A3956D46DE8}") = "Day0MeanMedianMode", "Day0MeanMedianMode", "{6D9788DC-6957-4347-903F-284891B8171C}"
EndProject
Project("{FAE04EC0-301F-11D3-BF4B-00C04F79EFBC}") = "MeanMedianModeCSharp", "MeanMedianeModeCSharp\MeanMedianModeCSharp.csproj", "{6A437F88-A932-423B-9EEE-CDE6D76EF019}"
EndProject
Project("{8BC9CEB8-8B4A-11D0-8D11-00A0C91BC942}") = "MeanMedianModeCpp", "MeanMedianModeCpp\MeanMedianModeCpp.vcxproj", "{5BE90FCD-1A32-4601-8DEB-C1AB232E96B1}"
EndProject
Global
	GlobalSection(SolutionConfigurationPlatforms) = preSolution
		Debug|Any CPU = Debug|Any CPU
		Debug|ARM = Debug|ARM
		Debug|x64 = Debug|x64
		Debug|x86 = Debug|x86
		Release|Any CPU = Release|Any CPU
		Release|ARM = Release|ARM
		Release|x64 = Release|x64
		Release|x86 = Release|x86
	EndGlobalSection
	GlobalSection(ProjectConfigurationPlatforms) = postSolution
		{6A437F88-A932-423B-9EEE-CDE6D76EF019}.Debug|Any CPU.ActiveCfg = Debug|Any CPU
		{6A437F88-A932-423B-9EEE-CDE6D76EF019}.Debug|Any CPU.Build.0 = Debug|Any CPU
		{6A437F88-A932-423B-9EEE-CDE6D76EF019}.Debug|ARM.ActiveCfg = Debug|Any CPU
		{6A437F88-A932-423B-9EEE-CDE6D76EF019}.Debug|ARM.Build.0 = Debug|Any CPU
		{6A437F88-A932-423B-9EEE-CDE6D76EF019}.Debug|x64.ActiveCfg = Debug|Any CPU
		{6A437F88-A932-423B-9EEE-CDE6D76EF019}.Debug|x64.Build.0 = Debug|Any CPU
		{6A437F88-A932-423B-9EEE-CDE6D76EF019}.Debug|x86.ActiveCfg = Debug|Any CPU
		{6A437F88-A932-423B-9EEE-CDE6D76EF019}.Debug|x86.Build.0 = Debug|Any CPU
		{6A437F88-A932-423B-9EEE-CDE6D76EF019}.Release|Any CPU.ActiveCfg = Release|Any CPU
		{6A437F88-A932-423B-9EEE-CDE6D76EF019}.Release|Any CPU.Build.0 = Release|Any CPU
		{6A437F88-A932-423B-9EEE-CDE6D76EF019}.Release|ARM.ActiveCfg = Release|Any CPU
		{6A437F88-A932-423B-9EEE-CDE6D76EF019}.Release|ARM.Build.0 = Release|Any CPU
		{6A437F88-A932-423B-9EEE-CDE6D76EF019}.Release|x64.ActiveCfg = Release|Any CPU
		{6A437F88-A932-423B-9EEE-CDE6D76EF019}.Release|x64.Build.0 = Release|Any CPU
		{6A437F88-A932-423B-9EEE-CDE6D76EF019}.Release|x86.ActiveCfg = Release|Any CPU
		{6A437F88-A932-423B-9EEE-CDE6D76EF019}.Release|x86.Build.0 = Release|Any CPU
		{5BE90FCD-1A32-4601-8DEB-C1AB232E96B1}.Debug|Any CPU.ActiveCfg = Debug|Win32
		{5BE90FCD-1A32-4601-8DEB-C1AB232E96B1}.Debug|ARM.ActiveCfg = Debug|Win32
		{5BE90FCD-1A32-4601-8DEB-C1AB232E96B1}.Debug|x64.ActiveCfg = Debug|x64
		{5BE90FCD-1A32-4601-8DEB-C1AB232E96B1}.Debug|x64.Build.0 = Debug|x64
		{5BE90FCD-1A32-4601-8DEB-C1AB232E96B1}.Debug|x86.ActiveCfg = Debug|Win32
		{5BE90FCD-1A32-4601-8DEB-C1AB232E96B1}.Debug|x86.Build.0 = Debug|Win32
		{5BE90FCD-1A32-4601-8DEB-C1AB232E96B1}.Release|Any CPU.ActiveCfg = Release|Win32
		{5BE90FCD-1A32-4601-8DEB-C1AB232E96B1}.Release|ARM.ActiveCfg = Release|Win32
		{5BE90FCD-1A32-4601-8DEB-C1AB232E96B1}.Release|x64.ActiveCfg = Release|x64
		{5BE90FCD-1A32-4601-8DEB-C1AB232E96B1}.Release|x64.Build.0 = Release|x64
		{5BE90FCD-1A32-4601-8DEB-C1AB232E96B1}.Release|x86.ActiveCfg = Release|Win32
		{5BE90FCD-1A32-4601-8DEB-C1AB232E96B1}.Release|x86.Build.0 = Release|Win32
	EndGlobalSection
	GlobalSection(SolutionProperties) = preSolution
		HideSolutionNode = FALSE
	EndGlobalSection
	GlobalSection(NestedProjects) = preSolution
		{6D9788DC-6957-4347-903F-284891B8171C} = {09DAC742-4BE4-4358-9F1A-F30E883A5CE3}
		{6A437F88-A932-423B-9EEE-CDE6D76EF019} = {6D9788DC-6957-4347-903F-284891B8171C}
		{5BE90FCD-1A32-4601-8DEB-C1AB232E96B1} = {6D9788DC-6957-4347-903F-284891B8171C}
	EndGlobalSection
	GlobalSection(ExtensibilityGlobals) = postSolution
		SolutionGuid = {E9DD1BDF-FD04-49FF-BA21-583886095648}
	EndGlobalSection
EndGlobal
