
Microsoft Visual Studio Solution File, Format Version 12.00
# Visual Studio 15
VisualStudioVersion = 15.0.27703.2018
MinimumVisualStudioVersion = 10.0.40219.1
Project("{2150E333-8FDC-42A3-9474-1A3956D46DE8}") = "TenDaysOfStatistics", "TenDaysOfStatistics", "{09DAC742-4BE4-4358-9F1A-F30E883A5CE3}"
EndProject
Project("{2150E333-8FDC-42A3-9474-1A3956D46DE8}") = "Day0MeanMedianMode", "Day0MeanMedianMode", "{6D9788DC-6957-4347-903F-284891B8171C}"
EndProject
Project("{9A19103F-16F7-4668-BE54-9A1E7A4F7556}") = "MeanMedianModeCSharp", "Day0\MeanMedianeModeCSharp\MeanMedianModeCSharp.csproj", "{6A437F88-A932-423B-9EEE-CDE6D76EF019}"
EndProject
Project("{8BC9CEB8-8B4A-11D0-8D11-00A0C91BC942}") = "MeanMedianModeCpp", "Day0\MeanMedianModeCpp\MeanMedianModeCpp.vcxproj", "{5BE90FCD-1A32-4601-8DEB-C1AB232E96B1}"
EndProject
Project("{2150E333-8FDC-42A3-9474-1A3956D46DE8}") = "inputs", "inputs", "{F6951304-1DC1-4E6A-A3D1-6E04656ECA45}"
	ProjectSection(SolutionItems) = preProject
		big.txt = big.txt
		default.txt = default.txt
	EndProjectSection
EndProject
Project("{2150E333-8FDC-42A3-9474-1A3956D46DE8}") = "Day0", "Day0", "{3522D1C9-F877-467D-A0BE-EF6B4B5EA81B}"
EndProject
Project("{2150E333-8FDC-42A3-9474-1A3956D46DE8}") = "Day1", "Day1", "{F0A77761-B37F-42C8-A43F-B619ED4DACA4}"
EndProject
Project("{2150E333-8FDC-42A3-9474-1A3956D46DE8}") = "Day1WeightedMean", "Day1WeightedMean", "{5E480AA4-58D3-441E-82C3-0F49C67F788B}"
EndProject
Project("{8BC9CEB8-8B4A-11D0-8D11-00A0C91BC942}") = "Day0WeightedMean", "Day0\Day0WeightedMean\Day0WeightedMean.vcxproj", "{E33B76E4-9472-43A8-AA1D-B28A1045224B}"
EndProject
Project("{8BC9CEB8-8B4A-11D0-8D11-00A0C91BC942}") = "Day1Quartiles", "Day1\Day1Quartiles\Day1Quartiles.vcxproj", "{9CF19482-C86A-48EA-A870-1779D1B78D9C}"
EndProject
Project("{8BC9CEB8-8B4A-11D0-8D11-00A0C91BC942}") = "Day1StandardDeviation", "Day1\Day1StandardDeviation\ConsoleApplication1\ConsoleApplication1.vcxproj", "{5E237041-AE11-4155-B18C-783C84FF122E}"
EndProject
Global
	GlobalSection(SolutionConfigurationPlatforms) = preSolution
		Debug|Any CPU = Debug|Any CPU
		Debug|ARM = Debug|ARM
		Debug|x64 = Debug|x64
		Debug|x86 = Debug|x86
		Release|Any CPU = Release|Any CPU
		Release|ARM = Release|ARM
		Release|x64 = Release|x64
		Release|x86 = Release|x86
	EndGlobalSection
	GlobalSection(ProjectConfigurationPlatforms) = postSolution
		{6A437F88-A932-423B-9EEE-CDE6D76EF019}.Debug|Any CPU.ActiveCfg = Debug|Any CPU
		{6A437F88-A932-423B-9EEE-CDE6D76EF019}.Debug|Any CPU.Build.0 = Debug|Any CPU
		{6A437F88-A932-423B-9EEE-CDE6D76EF019}.Debug|ARM.ActiveCfg = Debug|Any CPU
		{6A437F88-A932-423B-9EEE-CDE6D76EF019}.Debug|ARM.Build.0 = Debug|Any CPU
		{6A437F88-A932-423B-9EEE-CDE6D76EF019}.Debug|x64.ActiveCfg = Debug|Any CPU
		{6A437F88-A932-423B-9EEE-CDE6D76EF019}.Debug|x64.Build.0 = Debug|Any CPU
		{6A437F88-A932-423B-9EEE-CDE6D76EF019}.Debug|x86.ActiveCfg = Debug|Any CPU
		{6A437F88-A932-423B-9EEE-CDE6D76EF019}.Debug|x86.Build.0 = Debug|Any CPU
		{6A437F88-A932-423B-9EEE-CDE6D76EF019}.Release|Any CPU.ActiveCfg = Release|Any CPU
		{6A437F88-A932-423B-9EEE-CDE6D76EF019}.Release|Any CPU.Build.0 = Release|Any CPU
		{6A437F88-A932-423B-9EEE-CDE6D76EF019}.Release|ARM.ActiveCfg = Release|Any CPU
		{6A437F88-A932-423B-9EEE-CDE6D76EF019}.Release|ARM.Build.0 = Release|Any CPU
		{6A437F88-A932-423B-9EEE-CDE6D76EF019}.Release|x64.ActiveCfg = Release|Any CPU
		{6A437F88-A932-423B-9EEE-CDE6D76EF019}.Release|x64.Build.0 = Release|Any CPU
		{6A437F88-A932-423B-9EEE-CDE6D76EF019}.Release|x86.ActiveCfg = Release|Any CPU
		{6A437F88-A932-423B-9EEE-CDE6D76EF019}.Release|x86.Build.0 = Release|Any CPU
		{5BE90FCD-1A32-4601-8DEB-C1AB232E96B1}.Debug|Any CPU.ActiveCfg = Debug|Win32
		{5BE90FCD-1A32-4601-8DEB-C1AB232E96B1}.Debug|ARM.ActiveCfg = Debug|Win32
		{5BE90FCD-1A32-4601-8DEB-C1AB232E96B1}.Debug|x64.ActiveCfg = Debug|x64
		{5BE90FCD-1A32-4601-8DEB-C1AB232E96B1}.Debug|x64.Build.0 = Debug|x64
		{5BE90FCD-1A32-4601-8DEB-C1AB232E96B1}.Debug|x86.ActiveCfg = Debug|Win32
		{5BE90FCD-1A32-4601-8DEB-C1AB232E96B1}.Debug|x86.Build.0 = Debug|Win32
		{5BE90FCD-1A32-4601-8DEB-C1AB232E96B1}.Release|Any CPU.ActiveCfg = Release|Win32
		{5BE90FCD-1A32-4601-8DEB-C1AB232E96B1}.Release|ARM.ActiveCfg = Release|Win32
		{5BE90FCD-1A32-4601-8DEB-C1AB232E96B1}.Release|x64.ActiveCfg = Release|x64
		{5BE90FCD-1A32-4601-8DEB-C1AB232E96B1}.Release|x64.Build.0 = Release|x64
		{5BE90FCD-1A32-4601-8DEB-C1AB232E96B1}.Release|x86.ActiveCfg = Release|Win32
		{5BE90FCD-1A32-4601-8DEB-C1AB232E96B1}.Release|x86.Build.0 = Release|Win32
		{E33B76E4-9472-43A8-AA1D-B28A1045224B}.Debug|Any CPU.ActiveCfg = Debug|Win32
		{E33B76E4-9472-43A8-AA1D-B28A1045224B}.Debug|ARM.ActiveCfg = Debug|Win32
		{E33B76E4-9472-43A8-AA1D-B28A1045224B}.Debug|x64.ActiveCfg = Debug|x64
		{E33B76E4-9472-43A8-AA1D-B28A1045224B}.Debug|x64.Build.0 = Debug|x64
		{E33B76E4-9472-43A8-AA1D-B28A1045224B}.Debug|x86.ActiveCfg = Debug|Win32
		{E33B76E4-9472-43A8-AA1D-B28A1045224B}.Debug|x86.Build.0 = Debug|Win32
		{E33B76E4-9472-43A8-AA1D-B28A1045224B}.Release|Any CPU.ActiveCfg = Release|Win32
		{E33B76E4-9472-43A8-AA1D-B28A1045224B}.Release|ARM.ActiveCfg = Release|Win32
		{E33B76E4-9472-43A8-AA1D-B28A1045224B}.Release|x64.ActiveCfg = Release|x64
		{E33B76E4-9472-43A8-AA1D-B28A1045224B}.Release|x64.Build.0 = Release|x64
		{E33B76E4-9472-43A8-AA1D-B28A1045224B}.Release|x86.ActiveCfg = Release|Win32
		{E33B76E4-9472-43A8-AA1D-B28A1045224B}.Release|x86.Build.0 = Release|Win32
		{9CF19482-C86A-48EA-A870-1779D1B78D9C}.Debug|Any CPU.ActiveCfg = Debug|Win32
		{9CF19482-C86A-48EA-A870-1779D1B78D9C}.Debug|ARM.ActiveCfg = Debug|Win32
		{9CF19482-C86A-48EA-A870-1779D1B78D9C}.Debug|x64.ActiveCfg = Debug|x64
		{9CF19482-C86A-48EA-A870-1779D1B78D9C}.Debug|x64.Build.0 = Debug|x64
		{9CF19482-C86A-48EA-A870-1779D1B78D9C}.Debug|x86.ActiveCfg = Debug|Win32
		{9CF19482-C86A-48EA-A870-1779D1B78D9C}.Debug|x86.Build.0 = Debug|Win32
		{9CF19482-C86A-48EA-A870-1779D1B78D9C}.Release|Any CPU.ActiveCfg = Release|Win32
		{9CF19482-C86A-48EA-A870-1779D1B78D9C}.Release|ARM.ActiveCfg = Release|Win32
		{9CF19482-C86A-48EA-A870-1779D1B78D9C}.Release|x64.ActiveCfg = Release|x64
		{9CF19482-C86A-48EA-A870-1779D1B78D9C}.Release|x64.Build.0 = Release|x64
		{9CF19482-C86A-48EA-A870-1779D1B78D9C}.Release|x86.ActiveCfg = Release|Win32
		{9CF19482-C86A-48EA-A870-1779D1B78D9C}.Release|x86.Build.0 = Release|Win32
		{5E237041-AE11-4155-B18C-783C84FF122E}.Debug|Any CPU.ActiveCfg = Debug|Win32
		{5E237041-AE11-4155-B18C-783C84FF122E}.Debug|ARM.ActiveCfg = Debug|Win32
		{5E237041-AE11-4155-B18C-783C84FF122E}.Debug|x64.ActiveCfg = Debug|x64
		{5E237041-AE11-4155-B18C-783C84FF122E}.Debug|x64.Build.0 = Debug|x64
		{5E237041-AE11-4155-B18C-783C84FF122E}.Debug|x86.ActiveCfg = Debug|Win32
		{5E237041-AE11-4155-B18C-783C84FF122E}.Debug|x86.Build.0 = Debug|Win32
		{5E237041-AE11-4155-B18C-783C84FF122E}.Release|Any CPU.ActiveCfg = Release|Win32
		{5E237041-AE11-4155-B18C-783C84FF122E}.Release|ARM.ActiveCfg = Release|Win32
		{5E237041-AE11-4155-B18C-783C84FF122E}.Release|x64.ActiveCfg = Release|x64
		{5E237041-AE11-4155-B18C-783C84FF122E}.Release|x64.Build.0 = Release|x64
		{5E237041-AE11-4155-B18C-783C84FF122E}.Release|x86.ActiveCfg = Release|Win32
		{5E237041-AE11-4155-B18C-783C84FF122E}.Release|x86.Build.0 = Release|Win32
	EndGlobalSection
	GlobalSection(SolutionProperties) = preSolution
		HideSolutionNode = FALSE
	EndGlobalSection
	GlobalSection(NestedProjects) = preSolution
		{6D9788DC-6957-4347-903F-284891B8171C} = {3522D1C9-F877-467D-A0BE-EF6B4B5EA81B}
		{6A437F88-A932-423B-9EEE-CDE6D76EF019} = {6D9788DC-6957-4347-903F-284891B8171C}
		{5BE90FCD-1A32-4601-8DEB-C1AB232E96B1} = {6D9788DC-6957-4347-903F-284891B8171C}
		{F6951304-1DC1-4E6A-A3D1-6E04656ECA45} = {6D9788DC-6957-4347-903F-284891B8171C}
		{3522D1C9-F877-467D-A0BE-EF6B4B5EA81B} = {09DAC742-4BE4-4358-9F1A-F30E883A5CE3}
		{F0A77761-B37F-42C8-A43F-B619ED4DACA4} = {09DAC742-4BE4-4358-9F1A-F30E883A5CE3}
		{5E480AA4-58D3-441E-82C3-0F49C67F788B} = {3522D1C9-F877-467D-A0BE-EF6B4B5EA81B}
		{E33B76E4-9472-43A8-AA1D-B28A1045224B} = {5E480AA4-58D3-441E-82C3-0F49C67F788B}
		{9CF19482-C86A-48EA-A870-1779D1B78D9C} = {F0A77761-B37F-42C8-A43F-B619ED4DACA4}
		{5E237041-AE11-4155-B18C-783C84FF122E} = {F0A77761-B37F-42C8-A43F-B619ED4DACA4}
	EndGlobalSection
	GlobalSection(ExtensibilityGlobals) = postSolution
		SolutionGuid = {E9DD1BDF-FD04-49FF-BA21-583886095648}
	EndGlobalSection
EndGlobal
